
Microsoft Visual Studio Solution File, Format Version 12.00
# Visual Studio 2015
Project("{FAE04EC0-301F-11D3-BF4B-00C04F79EFBC}") = "spooder-mans.CSharp", "spooder-mans.CSharp.csproj", "{1A445E53-ED23-1E21-F115-0DDAF8763120}"
EndProject
Global
	GlobalSection(SolutionConfigurationPlatforms) = preSolution
		Debug|Any CPU = Debug|Any CPU
		Release|Any CPU = Release|Any CPU
	EndGlobalSection
	GlobalSection(ProjectConfigurationPlatforms) = postSolution
		{1A445E53-ED23-1E21-F115-0DDAF8763120}.Debug|Any CPU.ActiveCfg = Debug|Any CPU
		{1A445E53-ED23-1E21-F115-0DDAF8763120}.Debug|Any CPU.Build.0 = Debug|Any CPU
		{1A445E53-ED23-1E21-F115-0DDAF8763120}.Release|Any CPU.ActiveCfg = Release|Any CPU
		{1A445E53-ED23-1E21-F115-0DDAF8763120}.Release|Any CPU.Build.0 = Release|Any CPU
	EndGlobalSection
	GlobalSection(SolutionProperties) = preSolution
		HideSolutionNode = FALSE
	EndGlobalSection
EndGlobal
